{
  "object": {
    "pins": [
      {
        "package": "BottomSheet",
        "repositoryURL": "https://github.com/weitieda/bottom-sheet",
        "state": {
          "branch": null,
          "revision": "98e2ae0b47875faef28e181cf968b9645f7678af",
          "version": "1.0.6"
        }
      },
      {
        "package": "iTextField",
        "repositoryURL": "https://github.com/benjaminsage/iTextField",
        "state": {
          "branch": null,
          "revision": "d272db0a18ec6bc072498d8ae40c3839cd79ec64",
          "version": "0.0.8"
        }
      },
      {
        "package": "PopupView",
        "repositoryURL": "https://github.com/exyte/PopupView",
        "state": {
          "branch": null,
          "revision": "0d37d6f94e0ec9b38ab43300213ad72d28af921f",
          "version": "1.0.2"
        }
      },
      {
        "package": "SDWebImage",
        "repositoryURL": "https://github.com/SDWebImage/SDWebImage.git",
        "state": {
          "branch": null,
          "revision": "a72df4849408da7e5d3c1b586797b7c601c41d1b",
          "version": "5.12.1"
        }
      },
      {
        "package": "SDWebImageSwiftUI",
        "repositoryURL": "https://github.com/SDWebImage/SDWebImageSwiftUI",
        "state": {
          "branch": null,
          "revision": "cd8625b7cf11a97698e180d28bb7d5d357196678",
          "version": "2.0.2"
        }
      },
      {
        "package": "SwiftUIX",
        "repositoryURL": "https://github.com/SwiftUIX/SwiftUIX",
        "state": {
          "branch": null,
          "revision": "ac4959d321d2fbf6b66720426ef0716b6865ddd8",
          "version": "0.1.0"
        }
      }
    ]
  },
  "version": 1
}
