{
  "object": {
    "pins": [
      {
        "package": "AlertX",
        "repositoryURL": "https://github.com/neel-makhecha/AlertX",
        "state": {
          "branch": null,
          "revision": "8a360e662b6347735140b3216ff4aa5fe97af681",
          "version": "1.2.1"
        }
      },
      {
        "package": "BottomSheet",
        "repositoryURL": "https://github.com/weitieda/bottom-sheet",
        "state": {
          "branch": null,
          "revision": "98e2ae0b47875faef28e181cf968b9645f7678af",
          "version": "1.0.6"
        }
      },
      {
        "package": "DropView",
        "repositoryURL": "https://github.com/sbertix/DropView.git",
        "state": {
          "branch": null,
          "revision": "ed67d5aa985581e9b91949f0a27b32726a791d7f",
          "version": "0.2.1"
        }
      },
      {
        "package": "iTextField",
        "repositoryURL": "https://github.com/benjaminsage/iTextField",
        "state": {
          "branch": null,
          "revision": "d272db0a18ec6bc072498d8ae40c3839cd79ec64",
          "version": "0.0.8"
        }
      },
      {
        "package": "PopupView",
        "repositoryURL": "https://github.com/exyte/PopupView",
        "state": {
          "branch": null,
          "revision": "4cf8c01473282b3711e6780bd78ef81add97f6e2",
          "version": "1.0.3"
        }
      },
      {
        "package": "SDWebImage",
        "repositoryURL": "https://github.com/SDWebImage/SDWebImage.git",
        "state": {
          "branch": null,
          "revision": "0fff0d7505b5306348263ea64fcc561253bbeb21",
          "version": "5.12.2"
        }
      },
      {
        "package": "SDWebImageSwiftUI",
        "repositoryURL": "https://github.com/SDWebImage/SDWebImageSwiftUI",
        "state": {
          "branch": null,
          "revision": "cd8625b7cf11a97698e180d28bb7d5d357196678",
          "version": "2.0.2"
        }
      },
      {
        "package": "SwiftUIPolygonGeofence",
        "repositoryURL": "https://github.com/zpg6/SwiftUIPolygonGeofence",
        "state": {
          "branch": null,
          "revision": "308ee9d47c26739c4daaebf4209ea2563f09daf8",
          "version": "1.1.2"
        }
      },
      {
        "package": "SwiftUIX",
        "repositoryURL": "https://github.com/SwiftUIX/SwiftUIX",
        "state": {
          "branch": null,
          "revision": "eb6a23fc4cc79545e40a8cf5c82119684750194f",
          "version": "0.1.1"
        }
      }
    ]
  },
  "version": 1
}
